<?xml version="1.0" encoding="utf-8"?>
<Project ToolsVersion="4.0" xmlns="http://schemas.microsoft.com/developer/msbuild/2003">
  <ItemGroup>
    <ClCompile Include="..\Common\RiblixStructureOffsets.ixx" />
    <ClCompile Include="..\Common\RiblixStructures.ixx" />
    <ClCompile Include="..\Common\RttiDescriptorContainer.ixx" />
    <ClCompile Include="..\Common\SharedAddresses.ixx" />
    <ClCompile Include="..\Common\StringUtils.ixx" />
    <ClCompile Include="DumpValidator.ixx" />
    <ClCompile Include="Injector.cpp" />
    <ClCompile Include="..\Common\LuauTypes.ixx" />
    <ClCompile Include="..\Common\Pipes.ixx" />
    <ClCompile Include="..\Common\ExceptionBase.ixx" />
    <ClCompile Include="..\Common\Formatter.ixx" />
  </ItemGroup>
</Project>